
Microsoft Visual Studio Solution File, Format Version 12.00
# Visual Studio Version 17
VisualStudioVersion = 17.5.002.0
MinimumVisualStudioVersion = 10.0.40219.1
Project("{9A19103F-16F7-4668-BE54-9A1E7A4F7556}") = "Tasks.DataContext", "Tasks.DataContext\Tasks.DataContext.csproj", "{8887DB2A-539C-48C1-B602-CAA8F2EA0AE9}"
EndProject
Project("{9A19103F-16F7-4668-BE54-9A1E7A4F7556}") = "Tasks.EntityModels", "Tasks.EntityModels\Tasks.EntityModels.csproj", "{FA7AF1EA-A0EE-4063-9822-215ECF090652}"
EndProject
Global
	GlobalSection(SolutionConfigurationPlatforms) = preSolution
		Debug|Any CPU = Debug|Any CPU
		Release|Any CPU = Release|Any CPU
	EndGlobalSection
	GlobalSection(ProjectConfigurationPlatforms) = postSolution
		{8887DB2A-539C-48C1-B602-CAA8F2EA0AE9}.Debug|Any CPU.ActiveCfg = Debug|Any CPU
		{8887DB2A-539C-48C1-B602-CAA8F2EA0AE9}.Debug|Any CPU.Build.0 = Debug|Any CPU
		{8887DB2A-539C-48C1-B602-CAA8F2EA0AE9}.Release|Any CPU.ActiveCfg = Release|Any CPU
		{8887DB2A-539C-48C1-B602-CAA8F2EA0AE9}.Release|Any CPU.Build.0 = Release|Any CPU
		{FA7AF1EA-A0EE-4063-9822-215ECF090652}.Debug|Any CPU.ActiveCfg = Debug|Any CPU
		{FA7AF1EA-A0EE-4063-9822-215ECF090652}.Debug|Any CPU.Build.0 = Debug|Any CPU
		{FA7AF1EA-A0EE-4063-9822-215ECF090652}.Release|Any CPU.ActiveCfg = Release|Any CPU
		{FA7AF1EA-A0EE-4063-9822-215ECF090652}.Release|Any CPU.Build.0 = Release|Any CPU
	EndGlobalSection
	GlobalSection(SolutionProperties) = preSolution
		HideSolutionNode = FALSE
	EndGlobalSection
	GlobalSection(ExtensibilityGlobals) = postSolution
		SolutionGuid = {4B90FC9F-77E0-4C6E-AC1F-189B87A90489}
	EndGlobalSection
EndGlobal
