
Microsoft Visual Studio Solution File, Format Version 12.00
# Visual Studio Version 17
VisualStudioVersion = 17.5.002.0
MinimumVisualStudioVersion = 10.0.40219.1
Project("{9A19103F-16F7-4668-BE54-9A1E7A4F7556}") = "Tasks.DataContext", "Tasks.DataContext\Tasks.DataContext.csproj", "{E037D0B2-3868-47BA-B831-71BD56FB9BAE}"
EndProject
Project("{9A19103F-16F7-4668-BE54-9A1E7A4F7556}") = "Tasks.EntityModels", "Tasks.EntityModels\Tasks.EntityModels.csproj", "{2102D76D-4D00-4CC5-800E-A1D72A276EB4}"
EndProject
Project("{9A19103F-16F7-4668-BE54-9A1E7A4F7556}") = "TasksWebApp", "TasksWebApp\TasksWebApp.csproj", "{442A0F52-D2F5-450B-B47D-074607D2203D}"
EndProject
Global
	GlobalSection(SolutionConfigurationPlatforms) = preSolution
		Debug|Any CPU = Debug|Any CPU
		Release|Any CPU = Release|Any CPU
	EndGlobalSection
	GlobalSection(ProjectConfigurationPlatforms) = postSolution
		{E037D0B2-3868-47BA-B831-71BD56FB9BAE}.Debug|Any CPU.ActiveCfg = Debug|Any CPU
		{E037D0B2-3868-47BA-B831-71BD56FB9BAE}.Debug|Any CPU.Build.0 = Debug|Any CPU
		{E037D0B2-3868-47BA-B831-71BD56FB9BAE}.Release|Any CPU.ActiveCfg = Release|Any CPU
		{E037D0B2-3868-47BA-B831-71BD56FB9BAE}.Release|Any CPU.Build.0 = Release|Any CPU
		{2102D76D-4D00-4CC5-800E-A1D72A276EB4}.Debug|Any CPU.ActiveCfg = Debug|Any CPU
		{2102D76D-4D00-4CC5-800E-A1D72A276EB4}.Debug|Any CPU.Build.0 = Debug|Any CPU
		{2102D76D-4D00-4CC5-800E-A1D72A276EB4}.Release|Any CPU.ActiveCfg = Release|Any CPU
		{2102D76D-4D00-4CC5-800E-A1D72A276EB4}.Release|Any CPU.Build.0 = Release|Any CPU
		{442A0F52-D2F5-450B-B47D-074607D2203D}.Debug|Any CPU.ActiveCfg = Debug|Any CPU
		{442A0F52-D2F5-450B-B47D-074607D2203D}.Debug|Any CPU.Build.0 = Debug|Any CPU
		{442A0F52-D2F5-450B-B47D-074607D2203D}.Release|Any CPU.ActiveCfg = Release|Any CPU
		{442A0F52-D2F5-450B-B47D-074607D2203D}.Release|Any CPU.Build.0 = Release|Any CPU
	EndGlobalSection
	GlobalSection(SolutionProperties) = preSolution
		HideSolutionNode = FALSE
	EndGlobalSection
	GlobalSection(ExtensibilityGlobals) = postSolution
		SolutionGuid = {C83AEAFE-5128-4F90-9246-E2D9D2E3F7DC}
	EndGlobalSection
EndGlobal
